
Microsoft Visual Studio Solution File, Format Version 12.00
# Visual Studio Version 17
VisualStudioVersion = 17.5.33627.172
MinimumVisualStudioVersion = 10.0.40219.1
Project("{9A19103F-16F7-4668-BE54-9A1E7A4F7556}") = "VTRPO.Library", "WpfAppVTRPO.Library\VTRPO.Library.csproj", "{7E4E24B4-EBDB-4E81-86D9-0CA29C0133EE}"
EndProject
Project("{9A19103F-16F7-4668-BE54-9A1E7A4F7556}") = "VTRPO.Test", "TestProject\VTRPO.Test.csproj", "{34FDCBAC-88FE-4D9B-AB51-198048D6EA90}"
EndProject
Project("{9A19103F-16F7-4668-BE54-9A1E7A4F7556}") = "VTRPO.Console", "ConsoleAppFinance\VTRPO.Console.csproj", "{94AA5C06-0251-477A-87F8-2C27F4659209}"
EndProject
Project("{9A19103F-16F7-4668-BE54-9A1E7A4F7556}") = "VTRPO.Wpf", "WpfAppVTRPO.Wpf\VTRPO.Wpf.csproj", "{D0128BBE-3945-4711-813F-71DAF759984D}"
EndProject
Project("{54435603-DBB4-11D2-8724-00A0C9A8B90C}") = "SetupVTRPO", "SetupVTRPO\SetupVTRPO.vdproj", "{F72E7059-D3A4-4934-8CE9-8F9149F3337A}"
EndProject
Global
	GlobalSection(SolutionConfigurationPlatforms) = preSolution
		Debug|Any CPU = Debug|Any CPU
		Debug|ARM = Debug|ARM
		Debug|ARM64 = Debug|ARM64
		Debug|x64 = Debug|x64
		Debug|x86 = Debug|x86
		Release|Any CPU = Release|Any CPU
		Release|ARM = Release|ARM
		Release|ARM64 = Release|ARM64
		Release|x64 = Release|x64
		Release|x86 = Release|x86
	EndGlobalSection
	GlobalSection(ProjectConfigurationPlatforms) = postSolution
		{7E4E24B4-EBDB-4E81-86D9-0CA29C0133EE}.Debug|Any CPU.ActiveCfg = Debug|Any CPU
		{7E4E24B4-EBDB-4E81-86D9-0CA29C0133EE}.Debug|Any CPU.Build.0 = Debug|Any CPU
		{7E4E24B4-EBDB-4E81-86D9-0CA29C0133EE}.Debug|ARM.ActiveCfg = Debug|Any CPU
		{7E4E24B4-EBDB-4E81-86D9-0CA29C0133EE}.Debug|ARM.Build.0 = Debug|Any CPU
		{7E4E24B4-EBDB-4E81-86D9-0CA29C0133EE}.Debug|ARM64.ActiveCfg = Debug|Any CPU
		{7E4E24B4-EBDB-4E81-86D9-0CA29C0133EE}.Debug|ARM64.Build.0 = Debug|Any CPU
		{7E4E24B4-EBDB-4E81-86D9-0CA29C0133EE}.Debug|x64.ActiveCfg = Debug|Any CPU
		{7E4E24B4-EBDB-4E81-86D9-0CA29C0133EE}.Debug|x64.Build.0 = Debug|Any CPU
		{7E4E24B4-EBDB-4E81-86D9-0CA29C0133EE}.Debug|x86.ActiveCfg = Debug|Any CPU
		{7E4E24B4-EBDB-4E81-86D9-0CA29C0133EE}.Debug|x86.Build.0 = Debug|Any CPU
		{7E4E24B4-EBDB-4E81-86D9-0CA29C0133EE}.Release|Any CPU.ActiveCfg = Release|Any CPU
		{7E4E24B4-EBDB-4E81-86D9-0CA29C0133EE}.Release|Any CPU.Build.0 = Release|Any CPU
		{7E4E24B4-EBDB-4E81-86D9-0CA29C0133EE}.Release|ARM.ActiveCfg = Release|Any CPU
		{7E4E24B4-EBDB-4E81-86D9-0CA29C0133EE}.Release|ARM.Build.0 = Release|Any CPU
		{7E4E24B4-EBDB-4E81-86D9-0CA29C0133EE}.Release|ARM64.ActiveCfg = Release|Any CPU
		{7E4E24B4-EBDB-4E81-86D9-0CA29C0133EE}.Release|ARM64.Build.0 = Release|Any CPU
		{7E4E24B4-EBDB-4E81-86D9-0CA29C0133EE}.Release|x64.ActiveCfg = Release|Any CPU
		{7E4E24B4-EBDB-4E81-86D9-0CA29C0133EE}.Release|x64.Build.0 = Release|Any CPU
		{7E4E24B4-EBDB-4E81-86D9-0CA29C0133EE}.Release|x86.ActiveCfg = Release|Any CPU
		{7E4E24B4-EBDB-4E81-86D9-0CA29C0133EE}.Release|x86.Build.0 = Release|Any CPU
		{34FDCBAC-88FE-4D9B-AB51-198048D6EA90}.Debug|Any CPU.ActiveCfg = Debug|Any CPU
		{34FDCBAC-88FE-4D9B-AB51-198048D6EA90}.Debug|Any CPU.Build.0 = Debug|Any CPU
		{34FDCBAC-88FE-4D9B-AB51-198048D6EA90}.Debug|ARM.ActiveCfg = Debug|Any CPU
		{34FDCBAC-88FE-4D9B-AB51-198048D6EA90}.Debug|ARM.Build.0 = Debug|Any CPU
		{34FDCBAC-88FE-4D9B-AB51-198048D6EA90}.Debug|ARM64.ActiveCfg = Debug|Any CPU
		{34FDCBAC-88FE-4D9B-AB51-198048D6EA90}.Debug|ARM64.Build.0 = Debug|Any CPU
		{34FDCBAC-88FE-4D9B-AB51-198048D6EA90}.Debug|x64.ActiveCfg = Debug|Any CPU
		{34FDCBAC-88FE-4D9B-AB51-198048D6EA90}.Debug|x64.Build.0 = Debug|Any CPU
		{34FDCBAC-88FE-4D9B-AB51-198048D6EA90}.Debug|x86.ActiveCfg = Debug|Any CPU
		{34FDCBAC-88FE-4D9B-AB51-198048D6EA90}.Debug|x86.Build.0 = Debug|Any CPU
		{34FDCBAC-88FE-4D9B-AB51-198048D6EA90}.Release|Any CPU.ActiveCfg = Release|Any CPU
		{34FDCBAC-88FE-4D9B-AB51-198048D6EA90}.Release|Any CPU.Build.0 = Release|Any CPU
		{34FDCBAC-88FE-4D9B-AB51-198048D6EA90}.Release|ARM.ActiveCfg = Release|Any CPU
		{34FDCBAC-88FE-4D9B-AB51-198048D6EA90}.Release|ARM.Build.0 = Release|Any CPU
		{34FDCBAC-88FE-4D9B-AB51-198048D6EA90}.Release|ARM64.ActiveCfg = Release|Any CPU
		{34FDCBAC-88FE-4D9B-AB51-198048D6EA90}.Release|ARM64.Build.0 = Release|Any CPU
		{34FDCBAC-88FE-4D9B-AB51-198048D6EA90}.Release|x64.ActiveCfg = Release|Any CPU
		{34FDCBAC-88FE-4D9B-AB51-198048D6EA90}.Release|x64.Build.0 = Release|Any CPU
		{34FDCBAC-88FE-4D9B-AB51-198048D6EA90}.Release|x86.ActiveCfg = Release|Any CPU
		{34FDCBAC-88FE-4D9B-AB51-198048D6EA90}.Release|x86.Build.0 = Release|Any CPU
		{94AA5C06-0251-477A-87F8-2C27F4659209}.Debug|Any CPU.ActiveCfg = Debug|Any CPU
		{94AA5C06-0251-477A-87F8-2C27F4659209}.Debug|Any CPU.Build.0 = Debug|Any CPU
		{94AA5C06-0251-477A-87F8-2C27F4659209}.Debug|ARM.ActiveCfg = Debug|Any CPU
		{94AA5C06-0251-477A-87F8-2C27F4659209}.Debug|ARM.Build.0 = Debug|Any CPU
		{94AA5C06-0251-477A-87F8-2C27F4659209}.Debug|ARM64.ActiveCfg = Debug|Any CPU
		{94AA5C06-0251-477A-87F8-2C27F4659209}.Debug|ARM64.Build.0 = Debug|Any CPU
		{94AA5C06-0251-477A-87F8-2C27F4659209}.Debug|x64.ActiveCfg = Debug|Any CPU
		{94AA5C06-0251-477A-87F8-2C27F4659209}.Debug|x64.Build.0 = Debug|Any CPU
		{94AA5C06-0251-477A-87F8-2C27F4659209}.Debug|x86.ActiveCfg = Debug|Any CPU
		{94AA5C06-0251-477A-87F8-2C27F4659209}.Debug|x86.Build.0 = Debug|Any CPU
		{94AA5C06-0251-477A-87F8-2C27F4659209}.Release|Any CPU.ActiveCfg = Release|Any CPU
		{94AA5C06-0251-477A-87F8-2C27F4659209}.Release|Any CPU.Build.0 = Release|Any CPU
		{94AA5C06-0251-477A-87F8-2C27F4659209}.Release|ARM.ActiveCfg = Release|Any CPU
		{94AA5C06-0251-477A-87F8-2C27F4659209}.Release|ARM.Build.0 = Release|Any CPU
		{94AA5C06-0251-477A-87F8-2C27F4659209}.Release|ARM64.ActiveCfg = Release|Any CPU
		{94AA5C06-0251-477A-87F8-2C27F4659209}.Release|ARM64.Build.0 = Release|Any CPU
		{94AA5C06-0251-477A-87F8-2C27F4659209}.Release|x64.ActiveCfg = Release|Any CPU
		{94AA5C06-0251-477A-87F8-2C27F4659209}.Release|x64.Build.0 = Release|Any CPU
		{94AA5C06-0251-477A-87F8-2C27F4659209}.Release|x86.ActiveCfg = Release|Any CPU
		{94AA5C06-0251-477A-87F8-2C27F4659209}.Release|x86.Build.0 = Release|Any CPU
		{D0128BBE-3945-4711-813F-71DAF759984D}.Debug|Any CPU.ActiveCfg = Debug|Any CPU
		{D0128BBE-3945-4711-813F-71DAF759984D}.Debug|Any CPU.Build.0 = Debug|Any CPU
		{D0128BBE-3945-4711-813F-71DAF759984D}.Debug|ARM.ActiveCfg = Debug|Any CPU
		{D0128BBE-3945-4711-813F-71DAF759984D}.Debug|ARM.Build.0 = Debug|Any CPU
		{D0128BBE-3945-4711-813F-71DAF759984D}.Debug|ARM64.ActiveCfg = Debug|Any CPU
		{D0128BBE-3945-4711-813F-71DAF759984D}.Debug|ARM64.Build.0 = Debug|Any CPU
		{D0128BBE-3945-4711-813F-71DAF759984D}.Debug|x64.ActiveCfg = Debug|Any CPU
		{D0128BBE-3945-4711-813F-71DAF759984D}.Debug|x64.Build.0 = Debug|Any CPU
		{D0128BBE-3945-4711-813F-71DAF759984D}.Debug|x86.ActiveCfg = Debug|Any CPU
		{D0128BBE-3945-4711-813F-71DAF759984D}.Debug|x86.Build.0 = Debug|Any CPU
		{D0128BBE-3945-4711-813F-71DAF759984D}.Release|Any CPU.ActiveCfg = Release|Any CPU
		{D0128BBE-3945-4711-813F-71DAF759984D}.Release|Any CPU.Build.0 = Release|Any CPU
		{D0128BBE-3945-4711-813F-71DAF759984D}.Release|ARM.ActiveCfg = Release|Any CPU
		{D0128BBE-3945-4711-813F-71DAF759984D}.Release|ARM.Build.0 = Release|Any CPU
		{D0128BBE-3945-4711-813F-71DAF759984D}.Release|ARM64.ActiveCfg = Release|Any CPU
		{D0128BBE-3945-4711-813F-71DAF759984D}.Release|ARM64.Build.0 = Release|Any CPU
		{D0128BBE-3945-4711-813F-71DAF759984D}.Release|x64.ActiveCfg = Release|Any CPU
		{D0128BBE-3945-4711-813F-71DAF759984D}.Release|x64.Build.0 = Release|Any CPU
		{D0128BBE-3945-4711-813F-71DAF759984D}.Release|x86.ActiveCfg = Release|Any CPU
		{D0128BBE-3945-4711-813F-71DAF759984D}.Release|x86.Build.0 = Release|Any CPU
		{F72E7059-D3A4-4934-8CE9-8F9149F3337A}.Debug|Any CPU.ActiveCfg = Debug
		{F72E7059-D3A4-4934-8CE9-8F9149F3337A}.Debug|ARM.ActiveCfg = Debug
		{F72E7059-D3A4-4934-8CE9-8F9149F3337A}.Debug|ARM64.ActiveCfg = Debug
		{F72E7059-D3A4-4934-8CE9-8F9149F3337A}.Debug|x64.ActiveCfg = Debug
		{F72E7059-D3A4-4934-8CE9-8F9149F3337A}.Debug|x86.ActiveCfg = Debug
		{F72E7059-D3A4-4934-8CE9-8F9149F3337A}.Release|Any CPU.ActiveCfg = Release
		{F72E7059-D3A4-4934-8CE9-8F9149F3337A}.Release|ARM.ActiveCfg = Release
		{F72E7059-D3A4-4934-8CE9-8F9149F3337A}.Release|ARM64.ActiveCfg = Release
		{F72E7059-D3A4-4934-8CE9-8F9149F3337A}.Release|x64.ActiveCfg = Release
		{F72E7059-D3A4-4934-8CE9-8F9149F3337A}.Release|x86.ActiveCfg = Release
	EndGlobalSection
	GlobalSection(SolutionProperties) = preSolution
		HideSolutionNode = FALSE
	EndGlobalSection
	GlobalSection(ExtensibilityGlobals) = postSolution
		SolutionGuid = {25CA1DE6-D79A-4F03-996E-D90E5E4F401B}
	EndGlobalSection
EndGlobal
